
Microsoft Visual Studio Solution File, Format Version 12.00
# Visual Studio Express 2012 for Windows Desktop
Project("{FAE04EC0-301F-11D3-BF4B-00C04F79EFBC}") = "3.PrintMyName", "PrintMyName\3.PrintMyName.csproj", "{E7BF594B-693F-4170-8C68-461B04884416}"
EndProject
Project("{FAE04EC0-301F-11D3-BF4B-00C04F79EFBC}") = "2.HelloCSharp", "2.HelloCSharp\2.HelloCSharp.csproj", "{0AEBDFB5-ACD9-43E8-9843-226C0A07B206}"
	ProjectSection(ProjectDependencies) = postProject
		{88746929-5D18-4D1F-9131-A2F55EEA9C7D} = {88746929-5D18-4D1F-9131-A2F55EEA9C7D}
		{574AB82F-FE55-4C84-83B4-587C084569B8} = {574AB82F-FE55-4C84-83B4-587C084569B8}
		{E7BF594B-693F-4170-8C68-461B04884416} = {E7BF594B-693F-4170-8C68-461B04884416}
		{9B34E056-5923-4A26-896F-0E494FA7B54F} = {9B34E056-5923-4A26-896F-0E494FA7B54F}
		{8FDD3859-00B0-4B37-88DB-30351D668044} = {8FDD3859-00B0-4B37-88DB-30351D668044}
		{5D6BC559-0538-429F-9EA1-3B6390409407} = {5D6BC559-0538-429F-9EA1-3B6390409407}
		{00961E78-AB56-4743-84FC-32EBBAF4275E} = {00961E78-AB56-4743-84FC-32EBBAF4275E}
		{0B0DCFE6-9C01-4E2E-85BA-76304229FD95} = {0B0DCFE6-9C01-4E2E-85BA-76304229FD95}
	EndProjectSection
EndProject
Project("{FAE04EC0-301F-11D3-BF4B-00C04F79EFBC}") = "4.Numbers1And101And1001", "Numbers1And101And1001\4.Numbers1And101And1001.csproj", "{0B0DCFE6-9C01-4E2E-85BA-76304229FD95}"
EndProject
Project("{FAE04EC0-301F-11D3-BF4B-00C04F79EFBC}") = "6.MyFirstAndLastName", "6.MyFirstAndLastName\6.MyFirstAndLastName.csproj", "{8FDD3859-00B0-4B37-88DB-30351D668044}"
EndProject
Project("{FAE04EC0-301F-11D3-BF4B-00C04F79EFBC}") = "7.CurrentDateAndTime", "7.CurrentDateAndTime\7.CurrentDateAndTime.csproj", "{00961E78-AB56-4743-84FC-32EBBAF4275E}"
EndProject
Project("{FAE04EC0-301F-11D3-BF4B-00C04F79EFBC}") = "8.CalculateSquare12345", "8.CalculateSquare12345\8.CalculateSquare12345.csproj", "{88746929-5D18-4D1F-9131-A2F55EEA9C7D}"
EndProject
Project("{FAE04EC0-301F-11D3-BF4B-00C04F79EFBC}") = "9.TheFirst10Members", "9.TheFirst10Members\9.TheFirst10Members.csproj", "{9B34E056-5923-4A26-896F-0E494FA7B54F}"
EndProject
Project("{FAE04EC0-301F-11D3-BF4B-00C04F79EFBC}") = "12.AgeAfter10Years", "12.AgeAfter10Years\12.AgeAfter10Years.csproj", "{574AB82F-FE55-4C84-83B4-587C084569B8}"
EndProject
Project("{FAE04EC0-301F-11D3-BF4B-00C04F79EFBC}") = "11.TheDiffereceCSharp.NETFramework", "11.TheDiffereceCSharp.NETFramework\11.TheDiffereceCSharp.NETFramework.csproj", "{5D6BC559-0538-429F-9EA1-3B6390409407}"
EndProject
Global
	GlobalSection(SolutionConfigurationPlatforms) = preSolution
		Debug|Any CPU = Debug|Any CPU
		Release|Any CPU = Release|Any CPU
	EndGlobalSection
	GlobalSection(ProjectConfigurationPlatforms) = postSolution
		{E7BF594B-693F-4170-8C68-461B04884416}.Debug|Any CPU.ActiveCfg = Debug|Any CPU
		{E7BF594B-693F-4170-8C68-461B04884416}.Debug|Any CPU.Build.0 = Debug|Any CPU
		{E7BF594B-693F-4170-8C68-461B04884416}.Release|Any CPU.ActiveCfg = Release|Any CPU
		{E7BF594B-693F-4170-8C68-461B04884416}.Release|Any CPU.Build.0 = Release|Any CPU
		{0AEBDFB5-ACD9-43E8-9843-226C0A07B206}.Debug|Any CPU.ActiveCfg = Debug|Any CPU
		{0AEBDFB5-ACD9-43E8-9843-226C0A07B206}.Debug|Any CPU.Build.0 = Debug|Any CPU
		{0AEBDFB5-ACD9-43E8-9843-226C0A07B206}.Release|Any CPU.ActiveCfg = Release|Any CPU
		{0AEBDFB5-ACD9-43E8-9843-226C0A07B206}.Release|Any CPU.Build.0 = Release|Any CPU
		{0B0DCFE6-9C01-4E2E-85BA-76304229FD95}.Debug|Any CPU.ActiveCfg = Debug|Any CPU
		{0B0DCFE6-9C01-4E2E-85BA-76304229FD95}.Debug|Any CPU.Build.0 = Debug|Any CPU
		{0B0DCFE6-9C01-4E2E-85BA-76304229FD95}.Release|Any CPU.ActiveCfg = Release|Any CPU
		{0B0DCFE6-9C01-4E2E-85BA-76304229FD95}.Release|Any CPU.Build.0 = Release|Any CPU
		{8FDD3859-00B0-4B37-88DB-30351D668044}.Debug|Any CPU.ActiveCfg = Debug|Any CPU
		{8FDD3859-00B0-4B37-88DB-30351D668044}.Debug|Any CPU.Build.0 = Debug|Any CPU
		{8FDD3859-00B0-4B37-88DB-30351D668044}.Release|Any CPU.ActiveCfg = Release|Any CPU
		{8FDD3859-00B0-4B37-88DB-30351D668044}.Release|Any CPU.Build.0 = Release|Any CPU
		{00961E78-AB56-4743-84FC-32EBBAF4275E}.Debug|Any CPU.ActiveCfg = Debug|Any CPU
		{00961E78-AB56-4743-84FC-32EBBAF4275E}.Debug|Any CPU.Build.0 = Debug|Any CPU
		{00961E78-AB56-4743-84FC-32EBBAF4275E}.Release|Any CPU.ActiveCfg = Release|Any CPU
		{00961E78-AB56-4743-84FC-32EBBAF4275E}.Release|Any CPU.Build.0 = Release|Any CPU
		{88746929-5D18-4D1F-9131-A2F55EEA9C7D}.Debug|Any CPU.ActiveCfg = Debug|Any CPU
		{88746929-5D18-4D1F-9131-A2F55EEA9C7D}.Debug|Any CPU.Build.0 = Debug|Any CPU
		{88746929-5D18-4D1F-9131-A2F55EEA9C7D}.Release|Any CPU.ActiveCfg = Release|Any CPU
		{88746929-5D18-4D1F-9131-A2F55EEA9C7D}.Release|Any CPU.Build.0 = Release|Any CPU
		{9B34E056-5923-4A26-896F-0E494FA7B54F}.Debug|Any CPU.ActiveCfg = Debug|Any CPU
		{9B34E056-5923-4A26-896F-0E494FA7B54F}.Debug|Any CPU.Build.0 = Debug|Any CPU
		{9B34E056-5923-4A26-896F-0E494FA7B54F}.Release|Any CPU.ActiveCfg = Release|Any CPU
		{9B34E056-5923-4A26-896F-0E494FA7B54F}.Release|Any CPU.Build.0 = Release|Any CPU
		{574AB82F-FE55-4C84-83B4-587C084569B8}.Debug|Any CPU.ActiveCfg = Debug|Any CPU
		{574AB82F-FE55-4C84-83B4-587C084569B8}.Debug|Any CPU.Build.0 = Debug|Any CPU
		{574AB82F-FE55-4C84-83B4-587C084569B8}.Release|Any CPU.ActiveCfg = Release|Any CPU
		{574AB82F-FE55-4C84-83B4-587C084569B8}.Release|Any CPU.Build.0 = Release|Any CPU
		{5D6BC559-0538-429F-9EA1-3B6390409407}.Debug|Any CPU.ActiveCfg = Debug|Any CPU
		{5D6BC559-0538-429F-9EA1-3B6390409407}.Debug|Any CPU.Build.0 = Debug|Any CPU
		{5D6BC559-0538-429F-9EA1-3B6390409407}.Release|Any CPU.ActiveCfg = Release|Any CPU
		{5D6BC559-0538-429F-9EA1-3B6390409407}.Release|Any CPU.Build.0 = Release|Any CPU
	EndGlobalSection
	GlobalSection(SolutionProperties) = preSolution
		HideSolutionNode = FALSE
	EndGlobalSection
EndGlobal
